
Microsoft Visual Studio Solution File, Format Version 12.00
# Visual Studio Version 16
VisualStudioVersion = 16.0.30128.74
MinimumVisualStudioVersion = 10.0.40219.1
Project("{FAE04EC0-301F-11D3-BF4B-00C04F79EFBC}") = "SEDC.UnitTesting.SUT", "SEDC.UnitTesting.SUT\SEDC.UnitTesting.SUT.csproj", "{353136F6-2385-4A9D-B27F-DF82DDBA67F5}"
EndProject
Global
	GlobalSection(SolutionConfigurationPlatforms) = preSolution
		Debug|Any CPU = Debug|Any CPU
		Release|Any CPU = Release|Any CPU
	EndGlobalSection
	GlobalSection(ProjectConfigurationPlatforms) = postSolution
		{353136F6-2385-4A9D-B27F-DF82DDBA67F5}.Debug|Any CPU.ActiveCfg = Debug|Any CPU
		{353136F6-2385-4A9D-B27F-DF82DDBA67F5}.Debug|Any CPU.Build.0 = Debug|Any CPU
		{353136F6-2385-4A9D-B27F-DF82DDBA67F5}.Release|Any CPU.ActiveCfg = Release|Any CPU
		{353136F6-2385-4A9D-B27F-DF82DDBA67F5}.Release|Any CPU.Build.0 = Release|Any CPU
	EndGlobalSection
	GlobalSection(SolutionProperties) = preSolution
		HideSolutionNode = FALSE
	EndGlobalSection
	GlobalSection(ExtensibilityGlobals) = postSolution
		SolutionGuid = {6DFF73FC-AF96-4436-B943-B8AF6C064C5F}
	EndGlobalSection
EndGlobal
